
Microsoft Visual Studio Solution File, Format Version 12.00
# Visual Studio 14
VisualStudioVersion = 14.0.24720.0
MinimumVisualStudioVersion = 10.0.40219.1
Project("{FAE04EC0-301F-11D3-BF4B-00C04F79EFBC}") = "AstroSimMain", "AstroSimMain\AstroSimMain.csproj", "{7ECB1FFD-C6AF-4F78-9CA4-9D584BC7C3D0}"
EndProject
Project("{2150E333-8FDC-42A3-9474-1A3956D46DE8}") = "Modules", "Modules", "{D46A25F6-D483-456E-BC6B-B8FE63733D27}"
EndProject
Project("{FAE04EC0-301F-11D3-BF4B-00C04F79EFBC}") = "ModuleA", "Modules\ModuleA\ModuleA.csproj", "{D5444B6A-1DB0-4A5C-8F54-11DF63AFC955}"
EndProject
Global
	GlobalSection(SolutionConfigurationPlatforms) = preSolution
		Debug|Any CPU = Debug|Any CPU
		Release|Any CPU = Release|Any CPU
	EndGlobalSection
	GlobalSection(ProjectConfigurationPlatforms) = postSolution
		{7ECB1FFD-C6AF-4F78-9CA4-9D584BC7C3D0}.Debug|Any CPU.ActiveCfg = Debug|Any CPU
		{7ECB1FFD-C6AF-4F78-9CA4-9D584BC7C3D0}.Debug|Any CPU.Build.0 = Debug|Any CPU
		{7ECB1FFD-C6AF-4F78-9CA4-9D584BC7C3D0}.Release|Any CPU.ActiveCfg = Release|Any CPU
		{7ECB1FFD-C6AF-4F78-9CA4-9D584BC7C3D0}.Release|Any CPU.Build.0 = Release|Any CPU
		{D5444B6A-1DB0-4A5C-8F54-11DF63AFC955}.Debug|Any CPU.ActiveCfg = Debug|Any CPU
		{D5444B6A-1DB0-4A5C-8F54-11DF63AFC955}.Debug|Any CPU.Build.0 = Debug|Any CPU
		{D5444B6A-1DB0-4A5C-8F54-11DF63AFC955}.Release|Any CPU.ActiveCfg = Release|Any CPU
		{D5444B6A-1DB0-4A5C-8F54-11DF63AFC955}.Release|Any CPU.Build.0 = Release|Any CPU
	EndGlobalSection
	GlobalSection(SolutionProperties) = preSolution
		HideSolutionNode = FALSE
	EndGlobalSection
	GlobalSection(NestedProjects) = preSolution
		{D5444B6A-1DB0-4A5C-8F54-11DF63AFC955} = {D46A25F6-D483-456E-BC6B-B8FE63733D27}
	EndGlobalSection
EndGlobal
